
Microsoft Visual Studio Solution File, Format Version 12.00
# Visual Studio Version 17
VisualStudioVersion = 17.9.34714.143
MinimumVisualStudioVersion = 10.0.40219.1
Project("{9A19103F-16F7-4668-BE54-9A1E7A4F7556}") = "ClinicAppointmentSystem.Domain", "src\ClinicAppointmentSystem.Domain\ClinicAppointmentSystem.Domain.csproj", "{B37CA7D6-E1FD-402E-8306-F8586FF149A3}"
EndProject
Project("{9A19103F-16F7-4668-BE54-9A1E7A4F7556}") = "ClinicAppointmentSystem.WinForms", "src\ClinicAppointmentSystem.WinForms\ClinicAppointmentSystem.WinForms.csproj", "{5D2C62FF-09CC-4450-96B2-B8EF1804F07A}"
EndProject
Global
	GlobalSection(SolutionConfigurationPlatforms) = preSolution
		Debug|Any CPU = Debug|Any CPU
		Release|Any CPU = Release|Any CPU
	EndGlobalSection
	GlobalSection(ProjectConfigurationPlatforms) = postSolution
		{B37CA7D6-E1FD-402E-8306-F8586FF149A3}.Debug|Any CPU.ActiveCfg = Debug|Any CPU
		{B37CA7D6-E1FD-402E-8306-F8586FF149A3}.Debug|Any CPU.Build.0 = Debug|Any CPU
		{B37CA7D6-E1FD-402E-8306-F8586FF149A3}.Release|Any CPU.ActiveCfg = Release|Any CPU
		{B37CA7D6-E1FD-402E-8306-F8586FF149A3}.Release|Any CPU.Build.0 = Release|Any CPU
		{5D2C62FF-09CC-4450-96B2-B8EF1804F07A}.Debug|Any CPU.ActiveCfg = Debug|Any CPU
		{5D2C62FF-09CC-4450-96B2-B8EF1804F07A}.Debug|Any CPU.Build.0 = Debug|Any CPU
		{5D2C62FF-09CC-4450-96B2-B8EF1804F07A}.Release|Any CPU.ActiveCfg = Release|Any CPU
		{5D2C62FF-09CC-4450-96B2-B8EF1804F07A}.Release|Any CPU.Build.0 = Release|Any CPU
	EndGlobalSection
	GlobalSection(SolutionProperties) = preSolution
		HideSolutionNode = FALSE
	EndGlobalSection
EndGlobal
